{
  "name": "angular-js-tv-series",
  "version": "1.0.0",
  "lockfileVersion": 1,
  "requires": true,
  "dependencies": {
    "@fortawesome/fontawesome-free": {
      "version": "5.12.0",
      "resolved": "https://registry.npmjs.org/@fortawesome/fontawesome-free/-/fontawesome-free-5.12.0.tgz",
      "integrity": "sha512-vKDJUuE2GAdBERaQWmmtsciAMzjwNrROXA5KTGSZvayAsmuTGjam5z6QNqNPCwDfVljLWuov1nEC3mEQf/n6fQ=="
    },
    "@uirouter/angularjs": {
      "version": "1.0.24",
      "resolved": "https://registry.npmjs.org/@uirouter/angularjs/-/angularjs-1.0.24.tgz",
      "integrity": "sha512-Q+gR5eskbOwK5DlzSOOXx3MGWbKq5xQrcF0T4csHXOHUBuGO26n6QTPFYsPwg0AfpC5yNou3jrDonI+UR8wDEg==",
      "requires": {
        "@uirouter/core": "6.0.3"
      }
    },
    "@uirouter/core": {
      "version": "6.0.3",
      "resolved": "https://registry.npmjs.org/@uirouter/core/-/core-6.0.3.tgz",
      "integrity": "sha512-ftAQw9czKUSgLFC3LwOeJP97PDQ6naHcEK0NrbWw3X/r49oQJBMRFAsz9oEKqPFPD2vUDqkvG18BZXglLp8k+Q=="
    },
    "angular": {
      "version": "1.8.3",
      "resolved": "https://registry.npmjs.org/angular/-/angular-1.8.3.tgz",
      "integrity": "sha512-5qjkWIQQVsHj4Sb5TcEs4WZWpFeVFHXwxEBHUhrny41D8UrBAd6T/6nPPAsLngJCReIOqi95W3mxdveveutpZw=="
    },
    "angular-ui-bootstrap": {
      "version": "2.5.6",
      "resolved": "https://registry.npmjs.org/angular-ui-bootstrap/-/angular-ui-bootstrap-2.5.6.tgz",
      "integrity": "sha512-yzcHpPMLQl0232nDzm5P4iAFTFQ9dMw0QgFLuKYbDj9M0xJ62z0oudYD/Lvh1pWfRsukiytP4Xj6BHOSrSXP8A=="
    }
  }
}
